
Microsoft Visual Studio Solution File, Format Version 12.00
# Visual Studio Version 17
VisualStudioVersion = 17.10.34707.107
MinimumVisualStudioVersion = 10.0.40219.1
Project("{9A19103F-16F7-4668-BE54-9A1E7A4F7556}") = "WindowPosition", "WindowPosition.csproj", "{59807BC1-1C34-4DA0-AEE1-3E7CCE3A6DEC}"
EndProject
Global
	GlobalSection(SolutionConfigurationPlatforms) = preSolution
		Debug|Any CPU = Debug|Any CPU
		Debug|x64 = Debug|x64
		Release|Any CPU = Release|Any CPU
		Release|x64 = Release|x64
	EndGlobalSection
	GlobalSection(ProjectConfigurationPlatforms) = postSolution
		{0E729DD0-6061-4E8A-8C3C-328FAC1657AA}.Release|Any CPU.ActiveCfg = Release|Any CPU
		{0E729DD0-6061-4E8A-8C3C-328FAC1657AA}.Release|Any CPU.Build.0 = Release|Any CPU
		{0E729DD0-6061-4E8A-8C3C-328FAC1657AA}.Release|ARM64.ActiveCfg = Release|Any CPU
		{0E729DD0-6061-4E8A-8C3C-328FAC1657AA}.Release|x64.ActiveCfg = Release|Any CPU
		{0E729DD0-6061-4E8A-8C3C-328FAC1657AA}.Release|x64.Build.0 = Release|Any CPU
		{0E729DD0-6061-4E8A-8C3C-328FAC1657AA}.Release|x86.ActiveCfg = Release|Any CPU
		{59807BC1-1C34-4DA0-AEE1-3E7CCE3A6DEC}.Release|Any CPU.ActiveCfg = Release|Any CPU
		{59807BC1-1C34-4DA0-AEE1-3E7CCE3A6DEC}.Release|Any CPU.Build.0 = Release|Any CPU
		{59807BC1-1C34-4DA0-AEE1-3E7CCE3A6DEC}.Release|ARM64.ActiveCfg = Release|ARM64
		{59807BC1-1C34-4DA0-AEE1-3E7CCE3A6DEC}.Release|ARM64.Build.0 = Release|ARM64
		{59807BC1-1C34-4DA0-AEE1-3E7CCE3A6DEC}.Release|x64.ActiveCfg = Release|x64
		{59807BC1-1C34-4DA0-AEE1-3E7CCE3A6DEC}.Release|x64.Build.0 = Release|x64
		{59807BC1-1C34-4DA0-AEE1-3E7CCE3A6DEC}.Release|x86.ActiveCfg = Release|x86
		{59807BC1-1C34-4DA0-AEE1-3E7CCE3A6DEC}.Release|x86.Build.0 = Release|x86
	EndGlobalSection
	GlobalSection(SolutionProperties) = preSolution
		HideSolutionNode = FALSE
	EndGlobalSection
	GlobalSection(ExtensibilityGlobals) = postSolution
		SolutionGuid = {6F75E392-AFAC-4218-B3CE-6BF465472504}
	EndGlobalSection
EndGlobal
